
Microsoft Visual Studio Solution File, Format Version 12.00
# Visual Studio 14
VisualStudioVersion = 14.0.25420.1
MinimumVisualStudioVersion = 10.0.40219.1
Project("{FAE04EC0-301F-11D3-BF4B-00C04F79EFBC}") = "Training_TFS", "Training_TFS\Training_TFS.csproj", "{6A246565-B22B-40A2-A101-898FB739BAFD}"
EndProject
Global
	GlobalSection(SolutionConfigurationPlatforms) = preSolution
		Debug|Any CPU = Debug|Any CPU
		Release|Any CPU = Release|Any CPU
	EndGlobalSection
	GlobalSection(ProjectConfigurationPlatforms) = postSolution
		{6A246565-B22B-40A2-A101-898FB739BAFD}.Debug|Any CPU.ActiveCfg = Debug|Any CPU
		{6A246565-B22B-40A2-A101-898FB739BAFD}.Debug|Any CPU.Build.0 = Debug|Any CPU
		{6A246565-B22B-40A2-A101-898FB739BAFD}.Release|Any CPU.ActiveCfg = Release|Any CPU
		{6A246565-B22B-40A2-A101-898FB739BAFD}.Release|Any CPU.Build.0 = Release|Any CPU
	EndGlobalSection
	GlobalSection(SolutionProperties) = preSolution
		HideSolutionNode = FALSE
	EndGlobalSection
	GlobalSection(TeamFoundationVersionControl) = preSolution
		SccNumberOfProjects = 2
		SccEnterpriseProvider = {4CA58AB2-18FA-4F8D-95D4-32DDF27D184C}
		SccTeamFoundationServer = http://tfs2017:8080/tfs/training
		SccLocalPath0 = .
		SccProjectUniqueName1 = Training_TFS\\Training_TFS.csproj
		SccProjectName1 = Training_TFS
		SccLocalPath1 = Training_TFS
	EndGlobalSection
EndGlobal
